
Microsoft Visual Studio Solution File, Format Version 12.00
# Visual Studio Version 16
VisualStudioVersion = 16.0.30907.101
MinimumVisualStudioVersion = 10.0.40219.1
Project("{FAE04EC0-301F-11D3-BF4B-00C04F79EFBC}") = "Siessi.Android", "Siessi.Android\Siessi.Android.csproj", "{A0E43D7B-4816-4027-A227-29CA923B4FB9}"
EndProject
Project("{FAE04EC0-301F-11D3-BF4B-00C04F79EFBC}") = "Siessi.iOS", "Siessi.iOS\Siessi.iOS.csproj", "{D379D26D-D0D1-431D-9AB1-D787CC81A651}"
EndProject
Project("{FAE04EC0-301F-11D3-BF4B-00C04F79EFBC}") = "Siessi", "Siessi\Siessi.csproj", "{359546AE-D380-4A39-91AE-FE48D9D06251}"
EndProject
Global
	GlobalSection(SolutionConfigurationPlatforms) = preSolution
		Debug|Any CPU = Debug|Any CPU
		Debug|iPhone = Debug|iPhone
		Debug|iPhoneSimulator = Debug|iPhoneSimulator
		Release|Any CPU = Release|Any CPU
		Release|iPhone = Release|iPhone
		Release|iPhoneSimulator = Release|iPhoneSimulator
	EndGlobalSection
	GlobalSection(ProjectConfigurationPlatforms) = postSolution
		{A0E43D7B-4816-4027-A227-29CA923B4FB9}.Debug|Any CPU.ActiveCfg = Debug|Any CPU
		{A0E43D7B-4816-4027-A227-29CA923B4FB9}.Debug|Any CPU.Build.0 = Debug|Any CPU
		{A0E43D7B-4816-4027-A227-29CA923B4FB9}.Debug|Any CPU.Deploy.0 = Debug|Any CPU
		{A0E43D7B-4816-4027-A227-29CA923B4FB9}.Debug|iPhone.ActiveCfg = Debug|Any CPU
		{A0E43D7B-4816-4027-A227-29CA923B4FB9}.Debug|iPhone.Build.0 = Debug|Any CPU
		{A0E43D7B-4816-4027-A227-29CA923B4FB9}.Debug|iPhone.Deploy.0 = Debug|Any CPU
		{A0E43D7B-4816-4027-A227-29CA923B4FB9}.Debug|iPhoneSimulator.ActiveCfg = Debug|Any CPU
		{A0E43D7B-4816-4027-A227-29CA923B4FB9}.Debug|iPhoneSimulator.Build.0 = Debug|Any CPU
		{A0E43D7B-4816-4027-A227-29CA923B4FB9}.Debug|iPhoneSimulator.Deploy.0 = Debug|Any CPU
		{A0E43D7B-4816-4027-A227-29CA923B4FB9}.Release|Any CPU.ActiveCfg = Release|Any CPU
		{A0E43D7B-4816-4027-A227-29CA923B4FB9}.Release|Any CPU.Build.0 = Release|Any CPU
		{A0E43D7B-4816-4027-A227-29CA923B4FB9}.Release|Any CPU.Deploy.0 = Release|Any CPU
		{A0E43D7B-4816-4027-A227-29CA923B4FB9}.Release|iPhone.ActiveCfg = Release|Any CPU
		{A0E43D7B-4816-4027-A227-29CA923B4FB9}.Release|iPhone.Build.0 = Release|Any CPU
		{A0E43D7B-4816-4027-A227-29CA923B4FB9}.Release|iPhone.Deploy.0 = Release|Any CPU
		{A0E43D7B-4816-4027-A227-29CA923B4FB9}.Release|iPhoneSimulator.ActiveCfg = Release|Any CPU
		{A0E43D7B-4816-4027-A227-29CA923B4FB9}.Release|iPhoneSimulator.Build.0 = Release|Any CPU
		{A0E43D7B-4816-4027-A227-29CA923B4FB9}.Release|iPhoneSimulator.Deploy.0 = Release|Any CPU
		{D379D26D-D0D1-431D-9AB1-D787CC81A651}.Debug|Any CPU.ActiveCfg = Debug|iPhone
		{D379D26D-D0D1-431D-9AB1-D787CC81A651}.Debug|Any CPU.Build.0 = Debug|iPhone
		{D379D26D-D0D1-431D-9AB1-D787CC81A651}.Debug|Any CPU.Deploy.0 = Debug|iPhone
		{D379D26D-D0D1-431D-9AB1-D787CC81A651}.Debug|iPhone.ActiveCfg = Debug|iPhone
		{D379D26D-D0D1-431D-9AB1-D787CC81A651}.Debug|iPhone.Build.0 = Debug|iPhone
		{D379D26D-D0D1-431D-9AB1-D787CC81A651}.Debug|iPhone.Deploy.0 = Debug|iPhone
		{D379D26D-D0D1-431D-9AB1-D787CC81A651}.Debug|iPhoneSimulator.ActiveCfg = Debug|iPhoneSimulator
		{D379D26D-D0D1-431D-9AB1-D787CC81A651}.Debug|iPhoneSimulator.Build.0 = Debug|iPhoneSimulator
		{D379D26D-D0D1-431D-9AB1-D787CC81A651}.Debug|iPhoneSimulator.Deploy.0 = Debug|iPhoneSimulator
		{D379D26D-D0D1-431D-9AB1-D787CC81A651}.Release|Any CPU.ActiveCfg = Release|iPhoneSimulator
		{D379D26D-D0D1-431D-9AB1-D787CC81A651}.Release|Any CPU.Build.0 = Release|iPhoneSimulator
		{D379D26D-D0D1-431D-9AB1-D787CC81A651}.Release|Any CPU.Deploy.0 = Release|iPhoneSimulator
		{D379D26D-D0D1-431D-9AB1-D787CC81A651}.Release|iPhone.ActiveCfg = Release|iPhone
		{D379D26D-D0D1-431D-9AB1-D787CC81A651}.Release|iPhone.Build.0 = Release|iPhone
		{D379D26D-D0D1-431D-9AB1-D787CC81A651}.Release|iPhone.Deploy.0 = Release|iPhone
		{D379D26D-D0D1-431D-9AB1-D787CC81A651}.Release|iPhoneSimulator.ActiveCfg = Release|iPhoneSimulator
		{D379D26D-D0D1-431D-9AB1-D787CC81A651}.Release|iPhoneSimulator.Build.0 = Release|iPhoneSimulator
		{D379D26D-D0D1-431D-9AB1-D787CC81A651}.Release|iPhoneSimulator.Deploy.0 = Release|iPhoneSimulator
		{359546AE-D380-4A39-91AE-FE48D9D06251}.Debug|Any CPU.ActiveCfg = Debug|Any CPU
		{359546AE-D380-4A39-91AE-FE48D9D06251}.Debug|Any CPU.Build.0 = Debug|Any CPU
		{359546AE-D380-4A39-91AE-FE48D9D06251}.Debug|Any CPU.Deploy.0 = Debug|Any CPU
		{359546AE-D380-4A39-91AE-FE48D9D06251}.Debug|iPhone.ActiveCfg = Debug|Any CPU
		{359546AE-D380-4A39-91AE-FE48D9D06251}.Debug|iPhone.Build.0 = Debug|Any CPU
		{359546AE-D380-4A39-91AE-FE48D9D06251}.Debug|iPhone.Deploy.0 = Debug|Any CPU
		{359546AE-D380-4A39-91AE-FE48D9D06251}.Debug|iPhoneSimulator.ActiveCfg = Debug|Any CPU
		{359546AE-D380-4A39-91AE-FE48D9D06251}.Debug|iPhoneSimulator.Build.0 = Debug|Any CPU
		{359546AE-D380-4A39-91AE-FE48D9D06251}.Debug|iPhoneSimulator.Deploy.0 = Debug|Any CPU
		{359546AE-D380-4A39-91AE-FE48D9D06251}.Release|Any CPU.ActiveCfg = Release|Any CPU
		{359546AE-D380-4A39-91AE-FE48D9D06251}.Release|Any CPU.Build.0 = Release|Any CPU
		{359546AE-D380-4A39-91AE-FE48D9D06251}.Release|Any CPU.Deploy.0 = Release|Any CPU
		{359546AE-D380-4A39-91AE-FE48D9D06251}.Release|iPhone.ActiveCfg = Release|Any CPU
		{359546AE-D380-4A39-91AE-FE48D9D06251}.Release|iPhone.Build.0 = Release|Any CPU
		{359546AE-D380-4A39-91AE-FE48D9D06251}.Release|iPhone.Deploy.0 = Release|Any CPU
		{359546AE-D380-4A39-91AE-FE48D9D06251}.Release|iPhoneSimulator.ActiveCfg = Release|Any CPU
		{359546AE-D380-4A39-91AE-FE48D9D06251}.Release|iPhoneSimulator.Build.0 = Release|Any CPU
		{359546AE-D380-4A39-91AE-FE48D9D06251}.Release|iPhoneSimulator.Deploy.0 = Release|Any CPU
	EndGlobalSection
	GlobalSection(SolutionProperties) = preSolution
		HideSolutionNode = FALSE
	EndGlobalSection
	GlobalSection(ExtensibilityGlobals) = postSolution
		SolutionGuid = {F164E033-E455-4A6D-9EED-69A00005911B}
	EndGlobalSection
EndGlobal
